
Microsoft Visual Studio Solution File, Format Version 12.00
# Visual Studio Version 17
VisualStudioVersion = 17.7.34009.444
MinimumVisualStudioVersion = 10.0.40219.1
Project("{FAE04EC0-301F-11D3-BF4B-00C04F79EFBC}") = "WinFormsPasswordApplication", "WinFormsPasswordApplication.csproj", "{1DBEB99E-7FA3-48EE-AD24-B53192223EDA}"
EndProject
Global
	GlobalSection(SolutionConfigurationPlatforms) = preSolution
		Debug|Any CPU = Debug|Any CPU
		Release|Any CPU = Release|Any CPU
	EndGlobalSection
	GlobalSection(ProjectConfigurationPlatforms) = postSolution
		{1DBEB99E-7FA3-48EE-AD24-B53192223EDA}.Debug|Any CPU.ActiveCfg = Debug|Any CPU
		{1DBEB99E-7FA3-48EE-AD24-B53192223EDA}.Debug|Any CPU.Build.0 = Debug|Any CPU
		{1DBEB99E-7FA3-48EE-AD24-B53192223EDA}.Release|Any CPU.ActiveCfg = Release|Any CPU
		{1DBEB99E-7FA3-48EE-AD24-B53192223EDA}.Release|Any CPU.Build.0 = Release|Any CPU
	EndGlobalSection
	GlobalSection(SolutionProperties) = preSolution
		HideSolutionNode = FALSE
	EndGlobalSection
	GlobalSection(ExtensibilityGlobals) = postSolution
		SolutionGuid = {8947DEB7-5EBE-430D-943F-3C77D9F608C4}
	EndGlobalSection
EndGlobal
